
Microsoft Visual Studio Solution File, Format Version 12.00
# Visual Studio Version 17
VisualStudioVersion = 17.8.34322.80
MinimumVisualStudioVersion = 10.0.40219.1
Project("{8BC9CEB8-8B4A-11D0-8D11-00A0C91BC942}") = "Cykl_project", "Cykl_project\Cykl_project.vcxproj", "{B35C61B0-E3F2-4BDC-9E2D-00C61579E6E7}"
EndProject
Global
	GlobalSection(SolutionConfigurationPlatforms) = preSolution
		Debug|x64 = Debug|x64
		Debug|x86 = Debug|x86
		Release|x64 = Release|x64
		Release|x86 = Release|x86
	EndGlobalSection
	GlobalSection(ProjectConfigurationPlatforms) = postSolution
		{B35C61B0-E3F2-4BDC-9E2D-00C61579E6E7}.Debug|x64.ActiveCfg = Debug|x64
		{B35C61B0-E3F2-4BDC-9E2D-00C61579E6E7}.Debug|x64.Build.0 = Debug|x64
		{B35C61B0-E3F2-4BDC-9E2D-00C61579E6E7}.Debug|x86.ActiveCfg = Debug|Win32
		{B35C61B0-E3F2-4BDC-9E2D-00C61579E6E7}.Debug|x86.Build.0 = Debug|Win32
		{B35C61B0-E3F2-4BDC-9E2D-00C61579E6E7}.Release|x64.ActiveCfg = Release|x64
		{B35C61B0-E3F2-4BDC-9E2D-00C61579E6E7}.Release|x64.Build.0 = Release|x64
		{B35C61B0-E3F2-4BDC-9E2D-00C61579E6E7}.Release|x86.ActiveCfg = Release|Win32
		{B35C61B0-E3F2-4BDC-9E2D-00C61579E6E7}.Release|x86.Build.0 = Release|Win32
	EndGlobalSection
	GlobalSection(SolutionProperties) = preSolution
		HideSolutionNode = FALSE
	EndGlobalSection
	GlobalSection(ExtensibilityGlobals) = postSolution
		SolutionGuid = {C8946F17-03E3-418B-B062-8A21607D7444}
	EndGlobalSection
EndGlobal
